{
  "originHash" : "e14c6a4e00bfe22c9878717e6a18f4c0f1ddd92f826d4d7e914fa41c20f920de",
  "pins" : [
    {
      "identity" : "retry-policy-service",
      "kind" : "remoteSourceControl",
      "location" : "https://github.com/The-Igor/retry-policy-service.git",
      "state" : {
        "branch" : "main",
        "revision" : "2a6a1f057fbf77337dfc73db98bd3d538127b3e2"
      }
    }
  ],
  "version" : 3
}
